
Microsoft Visual Studio Solution File, Format Version 12.00
# Visual Studio 15
VisualStudioVersion = 15.0.28010.2046
MinimumVisualStudioVersion = 10.0.40219.1
Project("{FAE04EC0-301F-11D3-BF4B-00C04F79EFBC}") = "SimpleBackup", "SimpleBackup\SimpleBackup.csproj", "{30CB2383-D311-493A-8A5F-0F84FC8D5F28}"
EndProject
Global
	GlobalSection(SolutionConfigurationPlatforms) = preSolution
		Debug|Any CPU = Debug|Any CPU
		Release|Any CPU = Release|Any CPU
	EndGlobalSection
	GlobalSection(ProjectConfigurationPlatforms) = postSolution
		{30CB2383-D311-493A-8A5F-0F84FC8D5F28}.Debug|Any CPU.ActiveCfg = Debug|Any CPU
		{30CB2383-D311-493A-8A5F-0F84FC8D5F28}.Debug|Any CPU.Build.0 = Debug|Any CPU
		{30CB2383-D311-493A-8A5F-0F84FC8D5F28}.Release|Any CPU.ActiveCfg = Release|Any CPU
		{30CB2383-D311-493A-8A5F-0F84FC8D5F28}.Release|Any CPU.Build.0 = Release|Any CPU
	EndGlobalSection
	GlobalSection(SolutionProperties) = preSolution
		HideSolutionNode = FALSE
	EndGlobalSection
	GlobalSection(ExtensibilityGlobals) = postSolution
		SolutionGuid = {B37CDB89-0BD2-4136-8935-6D382F0C8309}
	EndGlobalSection
EndGlobal
